
Microsoft Visual Studio Solution File, Format Version 12.00
# Visual Studio Version 17
VisualStudioVersion = 17.11.35208.52
MinimumVisualStudioVersion = 10.0.40219.1
Project("{9A19103F-16F7-4668-BE54-9A1E7A4F7556}") = "Domain", "Domain\Domain.csproj", "{A5A1BB45-8DEA-4333-AD43-D2006C8B18C0}"
EndProject
Project("{9A19103F-16F7-4668-BE54-9A1E7A4F7556}") = "MostraConta", "MostraConta\MostraConta.csproj", "{E2C3C5E5-318C-41CB-839B-19E98FB40B78}"
EndProject
Project("{9A19103F-16F7-4668-BE54-9A1E7A4F7556}") = "BancoAPI", "BancoAPI\BancoAPI.csproj", "{52792BF7-A955-4C34-932A-09F3A6BB6A32}"
EndProject
Project("{9A19103F-16F7-4668-BE54-9A1E7A4F7556}") = "RepositoryADO", "Repository\RepositoryADO.csproj", "{92586CF8-2770-4BCA-B0E5-2FD8F74D79A4}"
EndProject
Project("{9A19103F-16F7-4668-BE54-9A1E7A4F7556}") = "RepositoryEntity", "RepositoryEntity\RepositoryEntity.csproj", "{BB029E65-648C-4C87-9A75-A42687AB7799}"
EndProject
Project("{9A19103F-16F7-4668-BE54-9A1E7A4F7556}") = "Services", "Services\Services.csproj", "{5D7FA6B8-BEE6-4839-BCFD-41BEC87D7D93}"
EndProject
Project("{FAE04EC0-301F-11D3-BF4B-00C04F79EFBC}") = "BancoTeste", "BancoTeste\BancoTeste.csproj", "{F51A876C-6C5B-419F-9087-BD4DABDB899D}"
EndProject
Global
	GlobalSection(SolutionConfigurationPlatforms) = preSolution
		Debug|Any CPU = Debug|Any CPU
		Release|Any CPU = Release|Any CPU
	EndGlobalSection
	GlobalSection(ProjectConfigurationPlatforms) = postSolution
		{A5A1BB45-8DEA-4333-AD43-D2006C8B18C0}.Debug|Any CPU.ActiveCfg = Debug|Any CPU
		{A5A1BB45-8DEA-4333-AD43-D2006C8B18C0}.Debug|Any CPU.Build.0 = Debug|Any CPU
		{A5A1BB45-8DEA-4333-AD43-D2006C8B18C0}.Release|Any CPU.ActiveCfg = Release|Any CPU
		{A5A1BB45-8DEA-4333-AD43-D2006C8B18C0}.Release|Any CPU.Build.0 = Release|Any CPU
		{E2C3C5E5-318C-41CB-839B-19E98FB40B78}.Debug|Any CPU.ActiveCfg = Debug|Any CPU
		{E2C3C5E5-318C-41CB-839B-19E98FB40B78}.Debug|Any CPU.Build.0 = Debug|Any CPU
		{E2C3C5E5-318C-41CB-839B-19E98FB40B78}.Release|Any CPU.ActiveCfg = Release|Any CPU
		{E2C3C5E5-318C-41CB-839B-19E98FB40B78}.Release|Any CPU.Build.0 = Release|Any CPU
		{52792BF7-A955-4C34-932A-09F3A6BB6A32}.Debug|Any CPU.ActiveCfg = Debug|Any CPU
		{52792BF7-A955-4C34-932A-09F3A6BB6A32}.Debug|Any CPU.Build.0 = Debug|Any CPU
		{52792BF7-A955-4C34-932A-09F3A6BB6A32}.Release|Any CPU.ActiveCfg = Release|Any CPU
		{52792BF7-A955-4C34-932A-09F3A6BB6A32}.Release|Any CPU.Build.0 = Release|Any CPU
		{92586CF8-2770-4BCA-B0E5-2FD8F74D79A4}.Debug|Any CPU.ActiveCfg = Debug|Any CPU
		{92586CF8-2770-4BCA-B0E5-2FD8F74D79A4}.Debug|Any CPU.Build.0 = Debug|Any CPU
		{92586CF8-2770-4BCA-B0E5-2FD8F74D79A4}.Release|Any CPU.ActiveCfg = Release|Any CPU
		{92586CF8-2770-4BCA-B0E5-2FD8F74D79A4}.Release|Any CPU.Build.0 = Release|Any CPU
		{BB029E65-648C-4C87-9A75-A42687AB7799}.Debug|Any CPU.ActiveCfg = Debug|Any CPU
		{BB029E65-648C-4C87-9A75-A42687AB7799}.Debug|Any CPU.Build.0 = Debug|Any CPU
		{BB029E65-648C-4C87-9A75-A42687AB7799}.Release|Any CPU.ActiveCfg = Release|Any CPU
		{BB029E65-648C-4C87-9A75-A42687AB7799}.Release|Any CPU.Build.0 = Release|Any CPU
		{5D7FA6B8-BEE6-4839-BCFD-41BEC87D7D93}.Debug|Any CPU.ActiveCfg = Debug|Any CPU
		{5D7FA6B8-BEE6-4839-BCFD-41BEC87D7D93}.Debug|Any CPU.Build.0 = Debug|Any CPU
		{5D7FA6B8-BEE6-4839-BCFD-41BEC87D7D93}.Release|Any CPU.ActiveCfg = Release|Any CPU
		{5D7FA6B8-BEE6-4839-BCFD-41BEC87D7D93}.Release|Any CPU.Build.0 = Release|Any CPU
		{F51A876C-6C5B-419F-9087-BD4DABDB899D}.Debug|Any CPU.ActiveCfg = Debug|Any CPU
		{F51A876C-6C5B-419F-9087-BD4DABDB899D}.Debug|Any CPU.Build.0 = Debug|Any CPU
		{F51A876C-6C5B-419F-9087-BD4DABDB899D}.Release|Any CPU.ActiveCfg = Release|Any CPU
		{F51A876C-6C5B-419F-9087-BD4DABDB899D}.Release|Any CPU.Build.0 = Release|Any CPU
	EndGlobalSection
	GlobalSection(SolutionProperties) = preSolution
		HideSolutionNode = FALSE
	EndGlobalSection
	GlobalSection(ExtensibilityGlobals) = postSolution
		SolutionGuid = {41FA518E-59F4-4A16-BF01-F288DA9A10DF}
	EndGlobalSection
EndGlobal
